
Microsoft Visual Studio Solution File, Format Version 12.00
# Visual Studio Version 17
VisualStudioVersion = 17.2.32630.192
MinimumVisualStudioVersion = 10.0.40219.1
Project("{FAE04EC0-301F-11D3-BF4B-00C04F79EFBC}") = "ScooterRental", "ScooterRental\ScooterRental.csproj", "{D88702A2-BE2A-4FAF-A628-7F4B41F11CC2}"
EndProject
Project("{FAE04EC0-301F-11D3-BF4B-00C04F79EFBC}") = "ScooterRental.Tests", "ScooterRental.Tests\ScooterRental.Tests.csproj", "{A0373F92-996C-45DC-8E8D-07F0E2C91A16}"
EndProject
Global
	GlobalSection(SolutionConfigurationPlatforms) = preSolution
		Debug|Any CPU = Debug|Any CPU
		Release|Any CPU = Release|Any CPU
	EndGlobalSection
	GlobalSection(ProjectConfigurationPlatforms) = postSolution
		{D88702A2-BE2A-4FAF-A628-7F4B41F11CC2}.Debug|Any CPU.ActiveCfg = Debug|Any CPU
		{D88702A2-BE2A-4FAF-A628-7F4B41F11CC2}.Debug|Any CPU.Build.0 = Debug|Any CPU
		{D88702A2-BE2A-4FAF-A628-7F4B41F11CC2}.Release|Any CPU.ActiveCfg = Release|Any CPU
		{D88702A2-BE2A-4FAF-A628-7F4B41F11CC2}.Release|Any CPU.Build.0 = Release|Any CPU
		{A0373F92-996C-45DC-8E8D-07F0E2C91A16}.Debug|Any CPU.ActiveCfg = Debug|Any CPU
		{A0373F92-996C-45DC-8E8D-07F0E2C91A16}.Debug|Any CPU.Build.0 = Debug|Any CPU
		{A0373F92-996C-45DC-8E8D-07F0E2C91A16}.Release|Any CPU.ActiveCfg = Release|Any CPU
		{A0373F92-996C-45DC-8E8D-07F0E2C91A16}.Release|Any CPU.Build.0 = Release|Any CPU
	EndGlobalSection
	GlobalSection(SolutionProperties) = preSolution
		HideSolutionNode = FALSE
	EndGlobalSection
	GlobalSection(ExtensibilityGlobals) = postSolution
		SolutionGuid = {74CF473B-C4E1-4632-9A28-C5B9BAFA478D}
	EndGlobalSection
EndGlobal
